
Microsoft Visual Studio Solution File, Format Version 12.00
Project("{FAE04EC0-301F-11D3-BF4B-00C04F79EFBC}") = "psna-lib", "psna-lib.csproj", "{094130AC-A304-41C3-9089-C0674DD49973}"
EndProject
Global
	GlobalSection(SolutionConfigurationPlatforms) = preSolution
		Debug|Any CPU = Debug|Any CPU
		Release|Any CPU = Release|Any CPU
	EndGlobalSection
	GlobalSection(ProjectConfigurationPlatforms) = postSolution
		{094130AC-A304-41C3-9089-C0674DD49973}.Debug|Any CPU.ActiveCfg = Debug|Any CPU
		{094130AC-A304-41C3-9089-C0674DD49973}.Debug|Any CPU.Build.0 = Debug|Any CPU
		{094130AC-A304-41C3-9089-C0674DD49973}.Release|Any CPU.ActiveCfg = Release|Any CPU
		{094130AC-A304-41C3-9089-C0674DD49973}.Release|Any CPU.Build.0 = Release|Any CPU
	EndGlobalSection
EndGlobal
